
Microsoft Visual Studio Solution File, Format Version 12.00
# Visual Studio Version 16
VisualStudioVersion = 16.0.30717.126
MinimumVisualStudioVersion = 10.0.40219.1
Project("{FAE04EC0-301F-11D3-BF4B-00C04F79EFBC}") = "Макаревич Владислав_2", "Макаревич Владислав_2\Макаревич Владислав_2.csproj", "{20924AC5-8EF9-4B20-8D89-C4A1D16BEA5F}"
EndProject
Global
	GlobalSection(SolutionConfigurationPlatforms) = preSolution
		Debug|Any CPU = Debug|Any CPU
		Release|Any CPU = Release|Any CPU
	EndGlobalSection
	GlobalSection(ProjectConfigurationPlatforms) = postSolution
		{20924AC5-8EF9-4B20-8D89-C4A1D16BEA5F}.Debug|Any CPU.ActiveCfg = Debug|Any CPU
		{20924AC5-8EF9-4B20-8D89-C4A1D16BEA5F}.Debug|Any CPU.Build.0 = Debug|Any CPU
		{20924AC5-8EF9-4B20-8D89-C4A1D16BEA5F}.Release|Any CPU.ActiveCfg = Release|Any CPU
		{20924AC5-8EF9-4B20-8D89-C4A1D16BEA5F}.Release|Any CPU.Build.0 = Release|Any CPU
	EndGlobalSection
	GlobalSection(SolutionProperties) = preSolution
		HideSolutionNode = FALSE
	EndGlobalSection
	GlobalSection(ExtensibilityGlobals) = postSolution
		SolutionGuid = {C8C24BC6-EFFB-441C-8635-02F79EE300E2}
	EndGlobalSection
EndGlobal
